// !$*UTF8*$!
{
	archiveVersion = 1;
	classes = {
	};
	objectVersion = 46;
	objects = {

/* Begin PBXBuildFile section */
		6E28ED27174E39FA00E5D127 /* Default-568h@2x.png in Resources */ = {isa = PBXBuildFile; fileRef = 6E28ED19174E39FA00E5D127 /* Default-568h@2x.png */; };
		6E28ED28174E39FA00E5D127 /* Default.png in Resources */ = {isa = PBXBuildFile; fileRef = 6E28ED1A174E39FA00E5D127 /* Default.png */; };
		6E28ED29174E39FA00E5D127 /* Default@2x.png in Resources */ = {isa = PBXBuildFile; fileRef = 6E28ED1B174E39FA00E5D127 /* Default@2x.png */; };
		6E28ED2A174E39FA00E5D127 /* InfoPlist.strings in Resources */ = {isa = PBXBuildFile; fileRef = 6E28ED1C174E39FA00E5D127 /* InfoPlist.strings */; };
		6E28ED2B174E39FA00E5D127 /* MainStoryboard.storyboard in Resources */ = {isa = PBXBuildFile; fileRef = 6E28ED1E174E39FA00E5D127 /* MainStoryboard.storyboard */; };
		6E28ED2C174E39FA00E5D127 /* main.m in Sources */ = {isa = PBXBuildFile; fileRef = 6E28ED20174E39FA00E5D127 /* main.m */; };
		6E28ED2D174E39FA00E5D127 /* WeatherAppDelegate.m in Sources */ = {isa = PBXBuildFile; fileRef = 6E28ED22174E39FA00E5D127 /* WeatherAppDelegate.m */; };
		6E28ED2E174E39FA00E5D127 /* WeatherReport-Info.plist in Resources */ = {isa = PBXBuildFile; fileRef = 6E28ED23174E39FA00E5D127 /* WeatherReport-Info.plist */; };
		6E28ED2F174E39FA00E5D127 /* WeatherViewController.m in Sources */ = {isa = PBXBuildFile; fileRef = 6E28ED26174E39FA00E5D127 /* WeatherViewController.m */; };
		FEB6C8881743A6320034559F /* UIKit.framework in Frameworks */ = {isa = PBXBuildFile; fileRef = FEB6C8871743A6320034559F /* UIKit.framework */; };
		FEB6C88A1743A6320034559F /* Foundation.framework in Frameworks */ = {isa = PBXBuildFile; fileRef = FEB6C8891743A6320034559F /* Foundation.framework */; };
		FEB6C88C1743A6320034559F /* CoreGraphics.framework in Frameworks */ = {isa = PBXBuildFile; fileRef = FEB6C88B1743A6320034559F /* CoreGraphics.framework */; };
		FEB6C8BE1743F7870034559F /* AFHTTPClient.m in Sources */ = {isa = PBXBuildFile; fileRef = FEB6C8AC1743F7870034559F /* AFHTTPClient.m */; };
		FEB6C8BF1743F7870034559F /* AFHTTPRequestOperation.m in Sources */ = {isa = PBXBuildFile; fileRef = FEB6C8AE1743F7870034559F /* AFHTTPRequestOperation.m */; };
		FEB6C8C01743F7870034559F /* AFImageRequestOperation.m in Sources */ = {isa = PBXBuildFile; fileRef = FEB6C8B01743F7870034559F /* AFImageRequestOperation.m */; };
		FEB6C8C11743F7870034559F /* AFJSONRequestOperation.m in Sources */ = {isa = PBXBuildFile; fileRef = FEB6C8B21743F7870034559F /* AFJSONRequestOperation.m */; };
		FEB6C8C21743F7870034559F /* AFNetworkActivityIndicatorManager.m in Sources */ = {isa = PBXBuildFile; fileRef = FEB6C8B41743F7870034559F /* AFNetworkActivityIndicatorManager.m */; };
		FEB6C8C31743F7870034559F /* AFPropertyListRequestOperation.m in Sources */ = {isa = PBXBuildFile; fileRef = FEB6C8B71743F7870034559F /* AFPropertyListRequestOperation.m */; };
		FEB6C8C41743F7870034559F /* AFURLConnectionOperation.m in Sources */ = {isa = PBXBuildFile; fileRef = FEB6C8B91743F7870034559F /* AFURLConnectionOperation.m */; };
		FEB6C8C51743F7870034559F /* AFXMLRequestOperation.m in Sources */ = {isa = PBXBuildFile; fileRef = FEB6C8BB1743F7870034559F /* AFXMLRequestOperation.m */; };
		FEB6C8C61743F7870034559F /* UIImageView+AFNetworking.m in Sources */ = {isa = PBXBuildFile; fileRef = FEB6C8BD1743F7870034559F /* UIImageView+AFNetworking.m */; };
/* End PBXBuildFile section */

/* Begin PBXFileReference section */
		6E28ED19174E39FA00E5D127 /* Default-568h@2x.png */ = {isa = PBXFileReference; lastKnownFileType = image.png; path = "Default-568h@2x.png"; sourceTree = "<group>"; };
		6E28ED1A174E39FA00E5D127 /* Default.png */ = {isa = PBXFileReference; lastKnownFileType = image.png; path = Default.png; sourceTree = "<group>"; };
		6E28ED1B174E39FA00E5D127 /* Default@2x.png */ = {isa = PBXFileReference; lastKnownFileType = image.png; path = "Default@2x.png"; sourceTree = "<group>"; };
		6E28ED1D174E39FA00E5D127 /* en */ = {isa = PBXFileReference; lastKnownFileType = text.plist.strings; name = en; path = en.lproj/InfoPlist.strings; sourceTree = "<group>"; };
		6E28ED1F174E39FA00E5D127 /* en */ = {isa = PBXFileReference; lastKnownFileType = file.storyboard; name = en; path = en.lproj/MainStoryboard.storyboard; sourceTree = "<group>"; };
		6E28ED20174E39FA00E5D127 /* main.m */ = {isa = PBXFileReference; fileEncoding = 4; lastKnownFileType = sourcecode.c.objc; path = main.m; sourceTree = "<group>"; };
		6E28ED21174E39FA00E5D127 /* WeatherAppDelegate.h */ = {isa = PBXFileReference; fileEncoding = 4; lastKnownFileType = sourcecode.c.h; path = WeatherAppDelegate.h; sourceTree = "<group>"; };
		6E28ED22174E39FA00E5D127 /* WeatherAppDelegate.m */ = {isa = PBXFileReference; fileEncoding = 4; lastKnownFileType = sourcecode.c.objc; path = WeatherAppDelegate.m; sourceTree = "<group>"; };
		6E28ED23174E39FA00E5D127 /* WeatherReport-Info.plist */ = {isa = PBXFileReference; fileEncoding = 4; lastKnownFileType = text.plist.xml; path = "WeatherReport-Info.plist"; sourceTree = "<group>"; };
		6E28ED24174E39FA00E5D127 /* WeatherReport-Prefix.pch */ = {isa = PBXFileReference; fileEncoding = 4; lastKnownFileType = sourcecode.c.h; path = "WeatherReport-Prefix.pch"; sourceTree = "<group>"; };
		6E28ED25174E39FA00E5D127 /* WeatherViewController.h */ = {isa = PBXFileReference; fileEncoding = 4; lastKnownFileType = sourcecode.c.h; path = WeatherViewController.h; sourceTree = "<group>"; };
		6E28ED26174E39FA00E5D127 /* WeatherViewController.m */ = {isa = PBXFileReference; fileEncoding = 4; lastKnownFileType = sourcecode.c.objc; path = WeatherViewController.m; sourceTree = "<group>"; };
		FEB6C8841743A6320034559F /* WeatherReport.app */ = {isa = PBXFileReference; explicitFileType = wrapper.application; includeInIndex = 0; path = WeatherReport.app; sourceTree = BUILT_PRODUCTS_DIR; };
		FEB6C8871743A6320034559F /* UIKit.framework */ = {isa = PBXFileReference; lastKnownFileType = wrapper.framework; name = UIKit.framework; path = System/Library/Frameworks/UIKit.framework; sourceTree = SDKROOT; };
		FEB6C8891743A6320034559F /* Foundation.framework */ = {isa = PBXFileReference; lastKnownFileType = wrapper.framework; name = Foundation.framework; path = System/Library/Frameworks/Foundation.framework; sourceTree = SDKROOT; };
		FEB6C88B1743A6320034559F /* CoreGraphics.framework */ = {isa = PBXFileReference; lastKnownFileType = wrapper.framework; name = CoreGraphics.framework; path = System/Library/Frameworks/CoreGraphics.framework; sourceTree = SDKROOT; };
		FEB6C8AB1743F7870034559F /* AFHTTPClient.h */ = {isa = PBXFileReference; fileEncoding = 4; lastKnownFileType = sourcecode.c.h; path = AFHTTPClient.h; sourceTree = "<group>"; };
		FEB6C8AC1743F7870034559F /* AFHTTPClient.m */ = {isa = PBXFileReference; fileEncoding = 4; lastKnownFileType = sourcecode.c.objc; path = AFHTTPClient.m; sourceTree = "<group>"; };
		FEB6C8AD1743F7870034559F /* AFHTTPRequestOperation.h */ = {isa = PBXFileReference; fileEncoding = 4; lastKnownFileType = sourcecode.c.h; path = AFHTTPRequestOperation.h; sourceTree = "<group>"; };
		FEB6C8AE1743F7870034559F /* AFHTTPRequestOperation.m */ = {isa = PBXFileReference; fileEncoding = 4; lastKnownFileType = sourcecode.c.objc; path = AFHTTPRequestOperation.m; sourceTree = "<group>"; };
		FEB6C8AF1743F7870034559F /* AFImageRequestOperation.h */ = {isa = PBXFileReference; fileEncoding = 4; lastKnownFileType = sourcecode.c.h; path = AFImageRequestOperation.h; sourceTree = "<group>"; };
		FEB6C8B01743F7870034559F /* AFImageRequestOperation.m */ = {isa = PBXFileReference; fileEncoding = 4; lastKnownFileType = sourcecode.c.objc; path = AFImageRequestOperation.m; sourceTree = "<group>"; };
		FEB6C8B11743F7870034559F /* AFJSONRequestOperation.h */ = {isa = PBXFileReference; fileEncoding = 4; lastKnownFileType = sourcecode.c.h; path = AFJSONRequestOperation.h; sourceTree = "<group>"; };
		FEB6C8B21743F7870034559F /* AFJSONRequestOperation.m */ = {isa = PBXFileReference; fileEncoding = 4; lastKnownFileType = sourcecode.c.objc; path = AFJSONRequestOperation.m; sourceTree = "<group>"; };
		FEB6C8B31743F7870034559F /* AFNetworkActivityIndicatorManager.h */ = {isa = PBXFileReference; fileEncoding = 4; lastKnownFileType = sourcecode.c.h; path = AFNetworkActivityIndicatorManager.h; sourceTree = "<group>"; };
		FEB6C8B41743F7870034559F /* AFNetworkActivityIndicatorManager.m */ = {isa = PBXFileReference; fileEncoding = 4; lastKnownFileType = sourcecode.c.objc; path = AFNetworkActivityIndicatorManager.m; sourceTree = "<group>"; };
		FEB6C8B51743F7870034559F /* AFNetworking.h */ = {isa = PBXFileReference; fileEncoding = 4; lastKnownFileType = sourcecode.c.h; path = AFNetworking.h; sourceTree = "<group>"; };
		FEB6C8B61743F7870034559F /* AFPropertyListRequestOperation.h */ = {isa = PBXFileReference; fileEncoding = 4; lastKnownFileType = sourcecode.c.h; path = AFPropertyListRequestOperation.h; sourceTree = "<group>"; };
		FEB6C8B71743F7870034559F /* AFPropertyListRequestOperation.m */ = {isa = PBXFileReference; fileEncoding = 4; lastKnownFileType = sourcecode.c.objc; path = AFPropertyListRequestOperation.m; sourceTree = "<group>"; };
		FEB6C8B81743F7870034559F /* AFURLConnectionOperation.h */ = {isa = PBXFileReference; fileEncoding = 4; lastKnownFileType = sourcecode.c.h; path = AFURLConnectionOperation.h; sourceTree = "<group>"; };
		FEB6C8B91743F7870034559F /* AFURLConnectionOperation.m */ = {isa = PBXFileReference; fileEncoding = 4; lastKnownFileType = sourcecode.c.objc; path = AFURLConnectionOperation.m; sourceTree = "<group>"; };
		FEB6C8BA1743F7870034559F /* AFXMLRequestOperation.h */ = {isa = PBXFileReference; fileEncoding = 4; lastKnownFileType = sourcecode.c.h; path = AFXMLRequestOperation.h; sourceTree = "<group>"; };
		FEB6C8BB1743F7870034559F /* AFXMLRequestOperation.m */ = {isa = PBXFileReference; fileEncoding = 4; lastKnownFileType = sourcecode.c.objc; path = AFXMLRequestOperation.m; sourceTree = "<group>"; };
		FEB6C8BC1743F7870034559F /* UIImageView+AFNetworking.h */ = {isa = PBXFileReference; fileEncoding = 4; lastKnownFileType = sourcecode.c.h; path = "UIImageView+AFNetworking.h"; sourceTree = "<group>"; };
		FEB6C8BD1743F7870034559F /* UIImageView+AFNetworking.m */ = {isa = PBXFileReference; fileEncoding = 4; lastKnownFileType = sourcecode.c.objc; path = "UIImageView+AFNetworking.m"; sourceTree = "<group>"; };
/* End PBXFileReference section */

/* Begin PBXFrameworksBuildPhase section */
		FEB6C8811743A6320034559F /* Frameworks */ = {
			isa = PBXFrameworksBuildPhase;
			buildActionMask = 2147483647;
			files = (
				FEB6C8881743A6320034559F /* UIKit.framework in Frameworks */,
				FEB6C88A1743A6320034559F /* Foundation.framework in Frameworks */,
				FEB6C88C1743A6320034559F /* CoreGraphics.framework in Frameworks */,
			);
			runOnlyForDeploymentPostprocessing = 0;
		};
/* End PBXFrameworksBuildPhase section */

/* Begin PBXGroup section */
		6E0C4C7B174E48BD002C770A /* Supporting Files */ = {
			isa = PBXGroup;
			children = (
				6E28ED19174E39FA00E5D127 /* Default-568h@2x.png */,
				6E28ED1A174E39FA00E5D127 /* Default.png */,
				6E28ED1B174E39FA00E5D127 /* Default@2x.png */,
				6E28ED1C174E39FA00E5D127 /* InfoPlist.strings */,
				6E28ED20174E39FA00E5D127 /* main.m */,
				6E28ED23174E39FA00E5D127 /* WeatherReport-Info.plist */,
				6E28ED24174E39FA00E5D127 /* WeatherReport-Prefix.pch */,
			);
			name = "Supporting Files";
			sourceTree = "<group>";
		};
		6E28ED18174E39FA00E5D127 /* WeatherReport */ = {
			isa = PBXGroup;
			children = (
				6E0C4C7B174E48BD002C770A /* Supporting Files */,
				6E28ED1E174E39FA00E5D127 /* MainStoryboard.storyboard */,
				6E28ED21174E39FA00E5D127 /* WeatherAppDelegate.h */,
				6E28ED22174E39FA00E5D127 /* WeatherAppDelegate.m */,
				6E28ED25174E39FA00E5D127 /* WeatherViewController.h */,
				6E28ED26174E39FA00E5D127 /* WeatherViewController.m */,
			);
			path = WeatherReport;
			sourceTree = "<group>";
		};
		FEB6C87B1743A6320034559F = {
			isa = PBXGroup;
			children = (
				6E28ED18174E39FA00E5D127 /* WeatherReport */,
				FEB6C8AA1743F7870034559F /* AFNetworking */,
				FEB6C8861743A6320034559F /* Frameworks */,
				FEB6C8851743A6320034559F /* Products */,
			);
			sourceTree = "<group>";
		};
		FEB6C8851743A6320034559F /* Products */ = {
			isa = PBXGroup;
			children = (
				FEB6C8841743A6320034559F /* WeatherReport.app */,
			);
			name = Products;
			sourceTree = "<group>";
		};
		FEB6C8861743A6320034559F /* Frameworks */ = {
			isa = PBXGroup;
			children = (
				FEB6C8871743A6320034559F /* UIKit.framework */,
				FEB6C8891743A6320034559F /* Foundation.framework */,
				FEB6C88B1743A6320034559F /* CoreGraphics.framework */,
			);
			name = Frameworks;
			sourceTree = "<group>";
		};
		FEB6C8AA1743F7870034559F /* AFNetworking */ = {
			isa = PBXGroup;
			children = (
				FEB6C8AB1743F7870034559F /* AFHTTPClient.h */,
				FEB6C8AC1743F7870034559F /* AFHTTPClient.m */,
				FEB6C8AD1743F7870034559F /* AFHTTPRequestOperation.h */,
				FEB6C8AE1743F7870034559F /* AFHTTPRequestOperation.m */,
				FEB6C8AF1743F7870034559F /* AFImageRequestOperation.h */,
				FEB6C8B01743F7870034559F /* AFImageRequestOperation.m */,
				FEB6C8B11743F7870034559F /* AFJSONRequestOperation.h */,
				FEB6C8B21743F7870034559F /* AFJSONRequestOperation.m */,
				FEB6C8B31743F7870034559F /* AFNetworkActivityIndicatorManager.h */,
				FEB6C8B41743F7870034559F /* AFNetworkActivityIndicatorManager.m */,
				FEB6C8B51743F7870034559F /* AFNetworking.h */,
				FEB6C8B61743F7870034559F /* AFPropertyListRequestOperation.h */,
				FEB6C8B71743F7870034559F /* AFPropertyListRequestOperation.m */,
				FEB6C8B81743F7870034559F /* AFURLConnectionOperation.h */,
				FEB6C8B91743F7870034559F /* AFURLConnectionOperation.m */,
				FEB6C8BA1743F7870034559F /* AFXMLRequestOperation.h */,
				FEB6C8BB1743F7870034559F /* AFXMLRequestOperation.m */,
				FEB6C8BC1743F7870034559F /* UIImageView+AFNetworking.h */,
				FEB6C8BD1743F7870034559F /* UIImageView+AFNetworking.m */,
			);
			path = AFNetworking;
			sourceTree = "<group>";
		};
/* End PBXGroup section */

/* Begin PBXNativeTarget section */
		FEB6C8831743A6320034559F /* WeatherReport */ = {
			isa = PBXNativeTarget;
			buildConfigurationList = FEB6C8A71743A6320034559F /* Build configuration list for PBXNativeTarget "WeatherReport" */;
			buildPhases = (
				FEB6C8801743A6320034559F /* Sources */,
				FEB6C8811743A6320034559F /* Frameworks */,
				FEB6C8821743A6320034559F /* Resources */,
			);
			buildRules = (
			);
			dependencies = (
			);
			name = WeatherReport;
			productName = FlickrCodeSnipped;
			productReference = FEB6C8841743A6320034559F /* WeatherReport.app */;
			productType = "com.apple.product-type.application";
		};
/* End PBXNativeTarget section */

/* Begin PBXProject section */
		FEB6C87C1743A6320034559F /* Project object */ = {
			isa = PBXProject;
			attributes = {
				CLASSPREFIX = FlickrCodeSnipped;
				LastUpgradeCheck = 0460;
				ORGANIZATIONNAME = "Otti Elínarson";
			};
			buildConfigurationList = FEB6C87F1743A6320034559F /* Build configuration list for PBXProject "WeatherReport" */;
			compatibilityVersion = "Xcode 3.2";
			developmentRegion = English;
			hasScannedForEncodings = 0;
			knownRegions = (
				en,
			);
			mainGroup = FEB6C87B1743A6320034559F;
			productRefGroup = FEB6C8851743A6320034559F /* Products */;
			projectDirPath = "";
			projectRoot = "";
			targets = (
				FEB6C8831743A6320034559F /* WeatherReport */,
			);
		};
/* End PBXProject section */

/* Begin PBXResourcesBuildPhase section */
		FEB6C8821743A6320034559F /* Resources */ = {
			isa = PBXResourcesBuildPhase;
			buildActionMask = 2147483647;
			files = (
				6E28ED27174E39FA00E5D127 /* Default-568h@2x.png in Resources */,
				6E28ED28174E39FA00E5D127 /* Default.png in Resources */,
				6E28ED29174E39FA00E5D127 /* Default@2x.png in Resources */,
				6E28ED2A174E39FA00E5D127 /* InfoPlist.strings in Resources */,
				6E28ED2B174E39FA00E5D127 /* MainStoryboard.storyboard in Resources */,
				6E28ED2E174E39FA00E5D127 /* WeatherReport-Info.plist in Resources */,
			);
			runOnlyForDeploymentPostprocessing = 0;
		};
/* End PBXResourcesBuildPhase section */

/* Begin PBXSourcesBuildPhase section */
		FEB6C8801743A6320034559F /* Sources */ = {
			isa = PBXSourcesBuildPhase;
			buildActionMask = 2147483647;
			files = (
				FEB6C8BE1743F7870034559F /* AFHTTPClient.m in Sources */,
				FEB6C8BF1743F7870034559F /* AFHTTPRequestOperation.m in Sources */,
				FEB6C8C01743F7870034559F /* AFImageRequestOperation.m in Sources */,
				FEB6C8C11743F7870034559F /* AFJSONRequestOperation.m in Sources */,
				FEB6C8C21743F7870034559F /* AFNetworkActivityIndicatorManager.m in Sources */,
				FEB6C8C31743F7870034559F /* AFPropertyListRequestOperation.m in Sources */,
				FEB6C8C41743F7870034559F /* AFURLConnectionOperation.m in Sources */,
				FEB6C8C51743F7870034559F /* AFXMLRequestOperation.m in Sources */,
				FEB6C8C61743F7870034559F /* UIImageView+AFNetworking.m in Sources */,
				6E28ED2C174E39FA00E5D127 /* main.m in Sources */,
				6E28ED2D174E39FA00E5D127 /* WeatherAppDelegate.m in Sources */,
				6E28ED2F174E39FA00E5D127 /* WeatherViewController.m in Sources */,
			);
			runOnlyForDeploymentPostprocessing = 0;
		};
/* End PBXSourcesBuildPhase section */

/* Begin PBXVariantGroup section */
		6E28ED1C174E39FA00E5D127 /* InfoPlist.strings */ = {
			isa = PBXVariantGroup;
			children = (
				6E28ED1D174E39FA00E5D127 /* en */,
			);
			name = InfoPlist.strings;
			sourceTree = "<group>";
		};
		6E28ED1E174E39FA00E5D127 /* MainStoryboard.storyboard */ = {
			isa = PBXVariantGroup;
			children = (
				6E28ED1F174E39FA00E5D127 /* en */,
			);
			name = MainStoryboard.storyboard;
			sourceTree = "<group>";
		};
/* End PBXVariantGroup section */

/* Begin XCBuildConfiguration section */
		FEB6C8A51743A6320034559F /* Debug */ = {
			isa = XCBuildConfiguration;
			buildSettings = {
				ALWAYS_SEARCH_USER_PATHS = NO;
				CLANG_CXX_LANGUAGE_STANDARD = "gnu++0x";
				CLANG_CXX_LIBRARY = "libc++";
				CLANG_ENABLE_OBJC_ARC = YES;
				CLANG_WARN_CONSTANT_CONVERSION = YES;
				CLANG_WARN_EMPTY_BODY = YES;
				CLANG_WARN_ENUM_CONVERSION = YES;
				CLANG_WARN_INT_CONVERSION = YES;
				CLANG_WARN__DUPLICATE_METHOD_MATCH = YES;
				"CODE_SIGN_IDENTITY[sdk=iphoneos*]" = "iPhone Developer";
				COPY_PHASE_STRIP = NO;
				GCC_C_LANGUAGE_STANDARD = gnu99;
				GCC_DYNAMIC_NO_PIC = NO;
				GCC_OPTIMIZATION_LEVEL = 0;
				GCC_PREPROCESSOR_DEFINITIONS = (
					"DEBUG=1",
					"$(inherited)",
				);
				GCC_SYMBOLS_PRIVATE_EXTERN = NO;
				GCC_WARN_ABOUT_RETURN_TYPE = YES;
				GCC_WARN_UNINITIALIZED_AUTOS = YES;
				GCC_WARN_UNUSED_VARIABLE = YES;
				IPHONEOS_DEPLOYMENT_TARGET = 6.1;
				ONLY_ACTIVE_ARCH = YES;
				SDKROOT = iphoneos;
			};
			name = Debug;
		};
		FEB6C8A61743A6320034559F /* Release */ = {
			isa = XCBuildConfiguration;
			buildSettings = {
				ALWAYS_SEARCH_USER_PATHS = NO;
				CLANG_CXX_LANGUAGE_STANDARD = "gnu++0x";
				CLANG_CXX_LIBRARY = "libc++";
				CLANG_ENABLE_OBJC_ARC = YES;
				CLANG_WARN_CONSTANT_CONVERSION = YES;
				CLANG_WARN_EMPTY_BODY = YES;
				CLANG_WARN_ENUM_CONVERSION = YES;
				CLANG_WARN_INT_CONVERSION = YES;
				CLANG_WARN__DUPLICATE_METHOD_MATCH = YES;
				"CODE_SIGN_IDENTITY[sdk=iphoneos*]" = "iPhone Developer";
				COPY_PHASE_STRIP = YES;
				GCC_C_LANGUAGE_STANDARD = gnu99;
				GCC_WARN_ABOUT_RETURN_TYPE = YES;
				GCC_WARN_UNINITIALIZED_AUTOS = YES;
				GCC_WARN_UNUSED_VARIABLE = YES;
				IPHONEOS_DEPLOYMENT_TARGET = 6.1;
				OTHER_CFLAGS = "-DNS_BLOCK_ASSERTIONS=1";
				SDKROOT = iphoneos;
				VALIDATE_PRODUCT = YES;
			};
			name = Release;
		};
		FEB6C8A81743A6320034559F /* Debug */ = {
			isa = XCBuildConfiguration;
			buildSettings = {
				GCC_PRECOMPILE_PREFIX_HEADER = YES;
				GCC_PREFIX_HEADER = "WeatherReport/WeatherReport-Prefix.pch";
				INFOPLIST_FILE = "WeatherReport/WeatherReport-Info.plist";
				PRODUCT_NAME = WeatherReport;
				WRAPPER_EXTENSION = app;
			};
			name = Debug;
		};
		FEB6C8A91743A6320034559F /* Release */ = {
			isa = XCBuildConfiguration;
			buildSettings = {
				GCC_PRECOMPILE_PREFIX_HEADER = YES;
				GCC_PREFIX_HEADER = "WeatherReport/WeatherReport-Prefix.pch";
				INFOPLIST_FILE = "WeatherReport/WeatherReport-Info.plist";
				PRODUCT_NAME = WeatherReport;
				WRAPPER_EXTENSION = app;
			};
			name = Release;
		};
/* End XCBuildConfiguration section */

/* Begin XCConfigurationList section */
		FEB6C87F1743A6320034559F /* Build configuration list for PBXProject "WeatherReport" */ = {
			isa = XCConfigurationList;
			buildConfigurations = (
				FEB6C8A51743A6320034559F /* Debug */,
				FEB6C8A61743A6320034559F /* Release */,
			);
			defaultConfigurationIsVisible = 0;
			defaultConfigurationName = Release;
		};
		FEB6C8A71743A6320034559F /* Build configuration list for PBXNativeTarget "WeatherReport" */ = {
			isa = XCConfigurationList;
			buildConfigurations = (
				FEB6C8A81743A6320034559F /* Debug */,
				FEB6C8A91743A6320034559F /* Release */,
			);
			defaultConfigurationIsVisible = 0;
			defaultConfigurationName = Release;
		};
/* End XCConfigurationList section */
	};
	rootObject = FEB6C87C1743A6320034559F /* Project object */;
}
